PODS:
  - FlutterMacOS (1.0.0)
  - modal_progress_hud_nsn (0.4.0):
    - FlutterMacOS
  - realm (1.2.0):
    - FlutterMacOS
  - shared_preferences_foundation (0.0.1):
    - Flutter
    - FlutterMacOS
  - url_launcher_macos (0.0.1):
    - FlutterMacOS

DEPENDENCIES:
  - FlutterMacOS (from `Flutter/ephemeral`)
  - modal_progress_hud_nsn (from `Flutter/ephemeral/.symlinks/plugins/modal_progress_hud_nsn/macos`)
  - realm (from `Flutter/ephemeral/.symlinks/plugins/realm/macos`)
  - shared_preferences_foundation (from `Flutter/ephemeral/.symlinks/plugins/shared_preferences_foundation/darwin`)
  - url_launcher_macos (from `Flutter/ephemeral/.symlinks/plugins/url_launcher_macos/macos`)

EXTERNAL SOURCES:
  FlutterMacOS:
    :path: Flutter/ephemeral
  modal_progress_hud_nsn:
    :path: Flutter/ephemeral/.symlinks/plugins/modal_progress_hud_nsn/macos
  realm:
    :path: Flutter/ephemeral/.symlinks/plugins/realm/macos
  shared_preferences_foundation:
    :path: Flutter/ephemeral/.symlinks/plugins/shared_preferences_foundation/darwin
  url_launcher_macos:
    :path: Flutter/ephemeral/.symlinks/plugins/url_launcher_macos/macos

SPEC CHECKSUMS:
  FlutterMacOS: 8f6f14fa908a6fb3fba0cd85dbd81ec4b251fb24
  modal_progress_hud_nsn: eff428e9fb32ddd232c5b66f8371b2150f36e989
  realm: f9d430f5c8e373fd8e9fbeafd2038a8c4de40ebc
  shared_preferences_foundation: 5b919d13b803cadd15ed2dc053125c68730e5126
  url_launcher_macos: d2691c7dd33ed713bf3544850a623080ec693d95

PODFILE CHECKSUM: 8d40c19d3cbdb380d870685c3a564c989f1efa52

COCOAPODS: 1.12.1
