PODS:
  - FlutterMacOS (1.0.0)
  - modal_progress_hud_nsn (0.4.0):
    - FlutterMacOS
  - realm (1.0.3):
    - FlutterMacOS
  - shared_preferences_foundation (0.0.1):
    - Flutter
    - FlutterMacOS

DEPENDENCIES:
  - FlutterMacOS (from `Flutter/ephemeral`)
  - modal_progress_hud_nsn (from `Flutter/ephemeral/.symlinks/plugins/modal_progress_hud_nsn/macos`)
  - realm (from `Flutter/ephemeral/.symlinks/plugins/realm/macos`)
  - shared_preferences_foundation (from `Flutter/ephemeral/.symlinks/plugins/shared_preferences_foundation/darwin`)

EXTERNAL SOURCES:
  FlutterMacOS:
    :path: Flutter/ephemeral
  modal_progress_hud_nsn:
    :path: Flutter/ephemeral/.symlinks/plugins/modal_progress_hud_nsn/macos
  realm:
    :path: Flutter/ephemeral/.symlinks/plugins/realm/macos
  shared_preferences_foundation:
    :path: Flutter/ephemeral/.symlinks/plugins/shared_preferences_foundation/darwin

SPEC CHECKSUMS:
  FlutterMacOS: 8f6f14fa908a6fb3fba0cd85dbd81ec4b251fb24
  modal_progress_hud_nsn: eff428e9fb32ddd232c5b66f8371b2150f36e989
  realm: 331342b80e7b71ed72a4de298af0dc34a253fe6d
  shared_preferences_foundation: e2dae3258e06f44cc55f49d42024fd8dd03c590c

PODFILE CHECKSUM: 8d40c19d3cbdb380d870685c3a564c989f1efa52

COCOAPODS: 1.12.1
